
Microsoft Visual Studio Solution File, Format Version 12.00
# Visual Studio Version 16
VisualStudioVersion = 16.0.29324.140
MinimumVisualStudioVersion = 10.0.40219.1
Project("{FAE04EC0-301F-11D3-BF4B-00C04F79EFBC}") = "Antonio Spreadsheets", "Antonio Spreadsheets\Antonio Spreadsheets.csproj", "{EB5C828E-53E5-4ABA-AB32-062B2CCA2754}"
EndProject
Global
	GlobalSection(SolutionConfigurationPlatforms) = preSolution
		Debug|Any CPU = Debug|Any CPU
		Release|Any CPU = Release|Any CPU
	EndGlobalSection
	GlobalSection(ProjectConfigurationPlatforms) = postSolution
		{EB5C828E-53E5-4ABA-AB32-062B2CCA2754}.Debug|Any CPU.ActiveCfg = Debug|Any CPU
		{EB5C828E-53E5-4ABA-AB32-062B2CCA2754}.Debug|Any CPU.Build.0 = Debug|Any CPU
		{EB5C828E-53E5-4ABA-AB32-062B2CCA2754}.Release|Any CPU.ActiveCfg = Release|Any CPU
		{EB5C828E-53E5-4ABA-AB32-062B2CCA2754}.Release|Any CPU.Build.0 = Release|Any CPU
	EndGlobalSection
	GlobalSection(SolutionProperties) = preSolution
		HideSolutionNode = FALSE
	EndGlobalSection
	GlobalSection(ExtensibilityGlobals) = postSolution
		SolutionGuid = {4AD18BFD-5443-4C4B-81BD-3F1C581C9A02}
	EndGlobalSection
EndGlobal
